
Microsoft Visual Studio Solution File, Format Version 12.00
# Visual Studio Version 16
VisualStudioVersion = 16.0.31402.337
MinimumVisualStudioVersion = 10.0.40219.1
Project("{FAE04EC0-301F-11D3-BF4B-00C04F79EFBC}") = "TweetScanner", "TweetScanner\TweetScanner.csproj", "{D0D9AB09-D5C5-445B-8DF6-AAC16999F8BF}"
EndProject
Global
	GlobalSection(SolutionConfigurationPlatforms) = preSolution
		Debug|Any CPU = Debug|Any CPU
		Release|Any CPU = Release|Any CPU
	EndGlobalSection
	GlobalSection(ProjectConfigurationPlatforms) = postSolution
		{D0D9AB09-D5C5-445B-8DF6-AAC16999F8BF}.Debug|Any CPU.ActiveCfg = Debug|Any CPU
		{D0D9AB09-D5C5-445B-8DF6-AAC16999F8BF}.Debug|Any CPU.Build.0 = Debug|Any CPU
		{D0D9AB09-D5C5-445B-8DF6-AAC16999F8BF}.Release|Any CPU.ActiveCfg = Release|Any CPU
		{D0D9AB09-D5C5-445B-8DF6-AAC16999F8BF}.Release|Any CPU.Build.0 = Release|Any CPU
	EndGlobalSection
	GlobalSection(SolutionProperties) = preSolution
		HideSolutionNode = FALSE
	EndGlobalSection
	GlobalSection(ExtensibilityGlobals) = postSolution
		SolutionGuid = {0EBF8786-CA78-48FA-9D17-CEBA2929139A}
	EndGlobalSection
EndGlobal
